
Microsoft Visual Studio Solution File, Format Version 12.00
# Visual Studio Version 17
VisualStudioVersion = 17.7.34031.279
MinimumVisualStudioVersion = 10.0.40219.1
Project("{FAE04EC0-301F-11D3-BF4B-00C04F79EFBC}") = "Lesson1GettingStarted", "Lesson1GettingStarted\Lesson1GettingStarted.csproj", "{9B828EAE-5A00-4AEC-ACB1-3AD16A86F1B6}"
EndProject
Project("{FAE04EC0-301F-11D3-BF4B-00C04F79EFBC}") = "Lesson2OperatorsTypesAndVariables", "Lesson2OperatorsTypesAndVariables\Lesson2OperatorsTypesAndVariables.csproj", "{4CF5C925-CD96-4EB9-A9F3-55246DCAC7CA}"
EndProject
Project("{FAE04EC0-301F-11D3-BF4B-00C04F79EFBC}") = "Lesson3ControlStatementsSelection", "Lesson3ControlStatementsSelection\Lesson3ControlStatementsSelection.csproj", "{2C86307F-ED8F-47F7-BA40-266030B1BA6B}"
EndProject
Project("{FAE04EC0-301F-11D3-BF4B-00C04F79EFBC}") = "Lesson4ControlStatementsLoops", "Lesson4ControlStatementsLoops\Lesson4ControlStatementsLoops.csproj", "{5B71E906-DF07-4BFD-9A4D-08E5B651FD3C}"
EndProject
Project("{FAE04EC0-301F-11D3-BF4B-00C04F79EFBC}") = "Lesson5Methods", "Lesson5Methods\Lesson5Methods.csproj", "{3949AE99-75FF-4C53-9380-4974AEA89959}"
EndProject
Project("{FAE04EC0-301F-11D3-BF4B-00C04F79EFBC}") = "Lesson5-1Methods", "Lesson5-1Methods\Lesson5-1Methods.csproj", "{752919B8-5A0B-4F63-A754-E48FC5C50D65}"
EndProject
Project("{FAE04EC0-301F-11D3-BF4B-00C04F79EFBC}") = "Lesson6Namespaces", "Lesson6Namespaces\Lesson6Namespaces.csproj", "{A0F97636-5B84-427D-B138-8B644BDE2E8F}"
EndProject
Project("{FAE04EC0-301F-11D3-BF4B-00C04F79EFBC}") = "Lesson7IntroductionToClasses", "Lesson7IntroductionToClasses\Lesson7IntroductionToClasses.csproj", "{87D2F38F-D880-45DC-94AF-C8F1F301AD95}"
EndProject
Project("{FAE04EC0-301F-11D3-BF4B-00C04F79EFBC}") = "Lesson8ClassInheritance", "Lesson8ClassInheritance\Lesson8ClassInheritance.csproj", "{DF13A43C-8824-45E4-8C03-FE4D6FDB1395}"
EndProject
Project("{FAE04EC0-301F-11D3-BF4B-00C04F79EFBC}") = "Lesson9Polymorphism", "Lesson9Polymorphism\Lesson9Polymorphism.csproj", "{787E98AE-36F3-460D-AFC3-E9B7BAC1D19C}"
EndProject
Project("{FAE04EC0-301F-11D3-BF4B-00C04F79EFBC}") = "Lesson10-Properties", "Lesson10Properties\Lesson10-Properties.csproj", "{50E91BB4-8EB6-473B-84B4-CAD5E034484B}"
EndProject
Project("{FAE04EC0-301F-11D3-BF4B-00C04F79EFBC}") = "Lesson11Indexers", "Lesson11Indexers\Lesson11Indexers.csproj", "{2FFE9EED-5A17-4EF0-9659-A3846A754502}"
EndProject
Project("{FAE04EC0-301F-11D3-BF4B-00C04F79EFBC}") = "Lesson12Structs", "Lesson12Structs\Lesson12Structs.csproj", "{D44C8C5B-AD76-40B0-9C71-54A7B37A963A}"
EndProject
Project("{FAE04EC0-301F-11D3-BF4B-00C04F79EFBC}") = "Lesson13Interfaces", "Lesson13Interfaces\Lesson13Interfaces.csproj", "{D9823DF9-9436-4B1A-89D1-8C5174BAC61D}"
EndProject
Project("{FAE04EC0-301F-11D3-BF4B-00C04F79EFBC}") = "Lesson15IntroductionToExceptionHandling", "Lesson15IntroductionToExceptionHandling\Lesson15IntroductionToExceptionHandling.csproj", "{74FB60BE-AD84-4F39-BBB0-2BF273A29937}"
EndProject
Project("{FAE04EC0-301F-11D3-BF4B-00C04F79EFBC}") = "Lesson16UsingAttributes", "Lesson16UsingAttributes\Lesson16UsingAttributes.csproj", "{438F9816-968D-43A6-A41A-C70587A29A0F}"
EndProject
Project("{FAE04EC0-301F-11D3-BF4B-00C04F79EFBC}") = "Lesson17Enums", "Lesson17Enums\Lesson17Enums.csproj", "{55B60131-FC97-4E04-8049-2863C1D6F2B2}"
EndProject
Project("{FAE04EC0-301F-11D3-BF4B-00C04F79EFBC}") = "Lesson18VirtualFunctions", "Lession18VirtualFunctions\Lesson18VirtualFunctions.csproj", "{786E3884-D955-4BE5-8511-2ACC095E24D8}"
EndProject
Project("{FAE04EC0-301F-11D3-BF4B-00C04F79EFBC}") = "Lesson20PartialClasses", "Lesson20PartialClasses\Lesson20PartialClasses.csproj", "{DBAB3FB0-BCEF-4336-A7FC-150F30E3DABC}"
EndProject
Project("{FAE04EC0-301F-11D3-BF4B-00C04F79EFBC}") = "Lesson21StaticClass", "Lession21StaticClass\Lesson21StaticClass.csproj", "{281743FA-BC94-4389-9F51-745BCE065102}"
EndProject
Project("{FAE04EC0-301F-11D3-BF4B-00C04F79EFBC}") = "ArrayRemoveInsert", "ArrayRemoveInsert\ArrayRemoveInsert.csproj", "{F7FDE972-6FC2-4982-907D-76A53A62171C}"
EndProject
Project("{FAE04EC0-301F-11D3-BF4B-00C04F79EFBC}") = "EnumGreatherTest", "EnumGreatherTest\EnumGreatherTest.csproj", "{BCEC6ED7-CE17-4242-82E1-6145CC28B1F5}"
EndProject
Project("{FAE04EC0-301F-11D3-BF4B-00C04F79EFBC}") = "RegularExpressions", "RegularExpressions\RegularExpressions.csproj", "{323D2F30-6DCB-4C07-A576-8069EE2FD009}"
EndProject
Project("{FAE04EC0-301F-11D3-BF4B-00C04F79EFBC}") = "ClassInheritance", "ClassInheritance\ClassInheritance.csproj", "{20B7087E-EDEE-45E9-A9E7-496EF6732F29}"
EndProject
Project("{FAE04EC0-301F-11D3-BF4B-00C04F79EFBC}") = "Lession3.5Operator_QusttionMarkOperator", "Lession3.5Operator_QusttionMarkOperator\Lession3.5Operator_QusttionMarkOperator.csproj", "{8E72E953-29FF-419C-968C-F39B583B103E}"
EndProject
Project("{FAE04EC0-301F-11D3-BF4B-00C04F79EFBC}") = "Lesson19HybridDictionary", "Lesson19HybridDictionary\Lesson19HybridDictionary.csproj", "{C7774AAB-1882-43EC-9D9E-5B90DDB9747A}"
EndProject
Project("{FAE04EC0-301F-11D3-BF4B-00C04F79EFBC}") = "AbsOrRelativePath", "AbsOrRelativePath\AbsOrRelativePath.csproj", "{7AB718F4-EEBC-4091-97F8-28D861582D2B}"
EndProject
Project("{FAE04EC0-301F-11D3-BF4B-00C04F79EFBC}") = "XMLReadWrite", "XMLReadWrite\XMLReadWrite.csproj", "{DD8C7021-40AC-461E-A4D5-6862E45BEF58}"
EndProject
Project("{FAE04EC0-301F-11D3-BF4B-00C04F79EFBC}") = "LinqXml", "LinqXml\LinqXml.csproj", "{6FBBA90E-4C6D-4EE1-AF18-878EAE100BE7}"
EndProject
Project("{FAE04EC0-301F-11D3-BF4B-00C04F79EFBC}") = "Indexers", "Indexers\Indexers.csproj", "{9A3624DF-EEC6-4453-8F1E-F340D5440ACB}"
EndProject
Project("{FAE04EC0-301F-11D3-BF4B-00C04F79EFBC}") = "HidingInheritedMembers", "HidingInheritedMembers\HidingInheritedMembers.csproj", "{AE99CBF2-FB6E-40D0-8AE7-F1E94F229D56}"
EndProject
Project("{FAE04EC0-301F-11D3-BF4B-00C04F79EFBC}") = "ConstructorsAndInheritance", "ConstructorsAndInheritance\ConstructorsAndInheritance.csproj", "{7989670E-D476-4B6E-B5C4-2DF92187DC2C}"
EndProject
Project("{FAE04EC0-301F-11D3-BF4B-00C04F79EFBC}") = "ExtensionMethods", "ExtensionMethods\ExtensionMethods.csproj", "{6ED0665C-EE0C-4FCA-9AED-17C5DCDC7DC0}"
EndProject
Project("{FAE04EC0-301F-11D3-BF4B-00C04F79EFBC}") = "Attributes", "Attributes\Attributes.csproj", "{65B28BBE-094B-4419-A312-85CF73FE67BD}"
EndProject
Project("{FAE04EC0-301F-11D3-BF4B-00C04F79EFBC}") = "Reflection", "Reflection\Reflection.csproj", "{A4D95997-F464-434C-A335-5C7F6C099B5E}"
EndProject
Project("{FAE04EC0-301F-11D3-BF4B-00C04F79EFBC}") = "StackQueueAndDict", "StackQueueAndDict\StackQueueAndDict.csproj", "{F1B597DD-4753-4A82-BD64-24844C60A5C5}"
EndProject
Project("{FAE04EC0-301F-11D3-BF4B-00C04F79EFBC}") = "NamedParameters", "NamedParameters\NamedParameters.csproj", "{509AFFBC-54F2-4CB5-819A-47FDF5895A92}"
EndProject
Project("{FAE04EC0-301F-11D3-BF4B-00C04F79EFBC}") = "HelloWorld", "HelloWorld\HelloWorld.csproj", "{1CBFA1F6-8C54-465E-B08F-3A1989E0C300}"
EndProject
Project("{FAE04EC0-301F-11D3-BF4B-00C04F79EFBC}") = "CloosRegex1", "CSharpTutorialsWithRobotParsing\CloosRegex1\CloosRegex1.csproj", "{19CAC7F8-178F-48D0-A66D-F90B5C5016CE}"
EndProject
Project("{FAE04EC0-301F-11D3-BF4B-00C04F79EFBC}") = "RegularExpressionsAbbRapidLiBCalibMotion", "CSharpTutorialsWithRobotParsing\RegularExpressionsAbbRapidLiBCalibMotion\RegularExpressionsAbbRapidLiBCalibMotion.csproj", "{CD521AF9-BA52-4B4D-AD6C-187E47DFA323}"
EndProject
Project("{2150E333-8FDC-42A3-9474-1A3956D46DE8}") = "MyDemosRegExParsingRobots", "MyDemosRegExParsingRobots", "{9B55DD2D-EE1A-420C-A441-2500D7466F2E}"
EndProject
Global
	GlobalSection(SolutionConfigurationPlatforms) = preSolution
		Debug|Any CPU = Debug|Any CPU
		Debug|Mixed Platforms = Debug|Mixed Platforms
		Debug|Win32 = Debug|Win32
		Debug|x86 = Debug|x86
		Release|Any CPU = Release|Any CPU
		Release|Mixed Platforms = Release|Mixed Platforms
		Release|Win32 = Release|Win32
		Release|x86 = Release|x86
	EndGlobalSection
	GlobalSection(ProjectConfigurationPlatforms) = postSolution
		{9B828EAE-5A00-4AEC-ACB1-3AD16A86F1B6}.Debug|Any CPU.ActiveCfg = Debug|Any CPU
		{9B828EAE-5A00-4AEC-ACB1-3AD16A86F1B6}.Debug|Any CPU.Build.0 = Debug|Any CPU
		{9B828EAE-5A00-4AEC-ACB1-3AD16A86F1B6}.Debug|Mixed Platforms.ActiveCfg = Debug|Any CPU
		{9B828EAE-5A00-4AEC-ACB1-3AD16A86F1B6}.Debug|Mixed Platforms.Build.0 = Debug|Any CPU
		{9B828EAE-5A00-4AEC-ACB1-3AD16A86F1B6}.Debug|Win32.ActiveCfg = Debug|Any CPU
		{9B828EAE-5A00-4AEC-ACB1-3AD16A86F1B6}.Debug|x86.ActiveCfg = Debug|Any CPU
		{9B828EAE-5A00-4AEC-ACB1-3AD16A86F1B6}.Release|Any CPU.ActiveCfg = Release|Any CPU
		{9B828EAE-5A00-4AEC-ACB1-3AD16A86F1B6}.Release|Any CPU.Build.0 = Release|Any CPU
		{9B828EAE-5A00-4AEC-ACB1-3AD16A86F1B6}.Release|Mixed Platforms.ActiveCfg = Release|Any CPU
		{9B828EAE-5A00-4AEC-ACB1-3AD16A86F1B6}.Release|Mixed Platforms.Build.0 = Release|Any CPU
		{9B828EAE-5A00-4AEC-ACB1-3AD16A86F1B6}.Release|Win32.ActiveCfg = Release|Any CPU
		{9B828EAE-5A00-4AEC-ACB1-3AD16A86F1B6}.Release|x86.ActiveCfg = Release|Any CPU
		{4CF5C925-CD96-4EB9-A9F3-55246DCAC7CA}.Debug|Any CPU.ActiveCfg = Debug|Any CPU
		{4CF5C925-CD96-4EB9-A9F3-55246DCAC7CA}.Debug|Any CPU.Build.0 = Debug|Any CPU
		{4CF5C925-CD96-4EB9-A9F3-55246DCAC7CA}.Debug|Mixed Platforms.ActiveCfg = Debug|Any CPU
		{4CF5C925-CD96-4EB9-A9F3-55246DCAC7CA}.Debug|Mixed Platforms.Build.0 = Debug|Any CPU
		{4CF5C925-CD96-4EB9-A9F3-55246DCAC7CA}.Debug|Win32.ActiveCfg = Debug|Any CPU
		{4CF5C925-CD96-4EB9-A9F3-55246DCAC7CA}.Debug|x86.ActiveCfg = Debug|Any CPU
		{4CF5C925-CD96-4EB9-A9F3-55246DCAC7CA}.Release|Any CPU.ActiveCfg = Release|Any CPU
		{4CF5C925-CD96-4EB9-A9F3-55246DCAC7CA}.Release|Any CPU.Build.0 = Release|Any CPU
		{4CF5C925-CD96-4EB9-A9F3-55246DCAC7CA}.Release|Mixed Platforms.ActiveCfg = Release|Any CPU
		{4CF5C925-CD96-4EB9-A9F3-55246DCAC7CA}.Release|Mixed Platforms.Build.0 = Release|Any CPU
		{4CF5C925-CD96-4EB9-A9F3-55246DCAC7CA}.Release|Win32.ActiveCfg = Release|Any CPU
		{4CF5C925-CD96-4EB9-A9F3-55246DCAC7CA}.Release|x86.ActiveCfg = Release|Any CPU
		{2C86307F-ED8F-47F7-BA40-266030B1BA6B}.Debug|Any CPU.ActiveCfg = Debug|Any CPU
		{2C86307F-ED8F-47F7-BA40-266030B1BA6B}.Debug|Any CPU.Build.0 = Debug|Any CPU
		{2C86307F-ED8F-47F7-BA40-266030B1BA6B}.Debug|Mixed Platforms.ActiveCfg = Debug|Any CPU
		{2C86307F-ED8F-47F7-BA40-266030B1BA6B}.Debug|Mixed Platforms.Build.0 = Debug|Any CPU
		{2C86307F-ED8F-47F7-BA40-266030B1BA6B}.Debug|Win32.ActiveCfg = Debug|Any CPU
		{2C86307F-ED8F-47F7-BA40-266030B1BA6B}.Debug|x86.ActiveCfg = Debug|Any CPU
		{2C86307F-ED8F-47F7-BA40-266030B1BA6B}.Release|Any CPU.ActiveCfg = Release|Any CPU
		{2C86307F-ED8F-47F7-BA40-266030B1BA6B}.Release|Any CPU.Build.0 = Release|Any CPU
		{2C86307F-ED8F-47F7-BA40-266030B1BA6B}.Release|Mixed Platforms.ActiveCfg = Release|Any CPU
		{2C86307F-ED8F-47F7-BA40-266030B1BA6B}.Release|Mixed Platforms.Build.0 = Release|Any CPU
		{2C86307F-ED8F-47F7-BA40-266030B1BA6B}.Release|Win32.ActiveCfg = Release|Any CPU
		{2C86307F-ED8F-47F7-BA40-266030B1BA6B}.Release|x86.ActiveCfg = Release|Any CPU
		{5B71E906-DF07-4BFD-9A4D-08E5B651FD3C}.Debug|Any CPU.ActiveCfg = Debug|Any CPU
		{5B71E906-DF07-4BFD-9A4D-08E5B651FD3C}.Debug|Any CPU.Build.0 = Debug|Any CPU
		{5B71E906-DF07-4BFD-9A4D-08E5B651FD3C}.Debug|Mixed Platforms.ActiveCfg = Debug|Any CPU
		{5B71E906-DF07-4BFD-9A4D-08E5B651FD3C}.Debug|Mixed Platforms.Build.0 = Debug|Any CPU
		{5B71E906-DF07-4BFD-9A4D-08E5B651FD3C}.Debug|Win32.ActiveCfg = Debug|Any CPU
		{5B71E906-DF07-4BFD-9A4D-08E5B651FD3C}.Debug|x86.ActiveCfg = Debug|Any CPU
		{5B71E906-DF07-4BFD-9A4D-08E5B651FD3C}.Release|Any CPU.ActiveCfg = Release|Any CPU
		{5B71E906-DF07-4BFD-9A4D-08E5B651FD3C}.Release|Any CPU.Build.0 = Release|Any CPU
		{5B71E906-DF07-4BFD-9A4D-08E5B651FD3C}.Release|Mixed Platforms.ActiveCfg = Release|Any CPU
		{5B71E906-DF07-4BFD-9A4D-08E5B651FD3C}.Release|Mixed Platforms.Build.0 = Release|Any CPU
		{5B71E906-DF07-4BFD-9A4D-08E5B651FD3C}.Release|Win32.ActiveCfg = Release|Any CPU
		{5B71E906-DF07-4BFD-9A4D-08E5B651FD3C}.Release|x86.ActiveCfg = Release|Any CPU
		{3949AE99-75FF-4C53-9380-4974AEA89959}.Debug|Any CPU.ActiveCfg = Debug|Any CPU
		{3949AE99-75FF-4C53-9380-4974AEA89959}.Debug|Any CPU.Build.0 = Debug|Any CPU
		{3949AE99-75FF-4C53-9380-4974AEA89959}.Debug|Mixed Platforms.ActiveCfg = Debug|Any CPU
		{3949AE99-75FF-4C53-9380-4974AEA89959}.Debug|Mixed Platforms.Build.0 = Debug|Any CPU
		{3949AE99-75FF-4C53-9380-4974AEA89959}.Debug|Win32.ActiveCfg = Debug|Any CPU
		{3949AE99-75FF-4C53-9380-4974AEA89959}.Debug|x86.ActiveCfg = Debug|Any CPU
		{3949AE99-75FF-4C53-9380-4974AEA89959}.Release|Any CPU.ActiveCfg = Release|Any CPU
		{3949AE99-75FF-4C53-9380-4974AEA89959}.Release|Any CPU.Build.0 = Release|Any CPU
		{3949AE99-75FF-4C53-9380-4974AEA89959}.Release|Mixed Platforms.ActiveCfg = Release|Any CPU
		{3949AE99-75FF-4C53-9380-4974AEA89959}.Release|Mixed Platforms.Build.0 = Release|Any CPU
		{3949AE99-75FF-4C53-9380-4974AEA89959}.Release|Win32.ActiveCfg = Release|Any CPU
		{3949AE99-75FF-4C53-9380-4974AEA89959}.Release|x86.ActiveCfg = Release|Any CPU
		{752919B8-5A0B-4F63-A754-E48FC5C50D65}.Debug|Any CPU.ActiveCfg = Debug|Any CPU
		{752919B8-5A0B-4F63-A754-E48FC5C50D65}.Debug|Any CPU.Build.0 = Debug|Any CPU
		{752919B8-5A0B-4F63-A754-E48FC5C50D65}.Debug|Mixed Platforms.ActiveCfg = Debug|Any CPU
		{752919B8-5A0B-4F63-A754-E48FC5C50D65}.Debug|Mixed Platforms.Build.0 = Debug|Any CPU
		{752919B8-5A0B-4F63-A754-E48FC5C50D65}.Debug|Win32.ActiveCfg = Debug|Any CPU
		{752919B8-5A0B-4F63-A754-E48FC5C50D65}.Debug|x86.ActiveCfg = Debug|Any CPU
		{752919B8-5A0B-4F63-A754-E48FC5C50D65}.Release|Any CPU.ActiveCfg = Release|Any CPU
		{752919B8-5A0B-4F63-A754-E48FC5C50D65}.Release|Any CPU.Build.0 = Release|Any CPU
		{752919B8-5A0B-4F63-A754-E48FC5C50D65}.Release|Mixed Platforms.ActiveCfg = Release|Any CPU
		{752919B8-5A0B-4F63-A754-E48FC5C50D65}.Release|Mixed Platforms.Build.0 = Release|Any CPU
		{752919B8-5A0B-4F63-A754-E48FC5C50D65}.Release|Win32.ActiveCfg = Release|Any CPU
		{752919B8-5A0B-4F63-A754-E48FC5C50D65}.Release|x86.ActiveCfg = Release|Any CPU
		{A0F97636-5B84-427D-B138-8B644BDE2E8F}.Debug|Any CPU.ActiveCfg = Debug|Any CPU
		{A0F97636-5B84-427D-B138-8B644BDE2E8F}.Debug|Any CPU.Build.0 = Debug|Any CPU
		{A0F97636-5B84-427D-B138-8B644BDE2E8F}.Debug|Mixed Platforms.ActiveCfg = Debug|Any CPU
		{A0F97636-5B84-427D-B138-8B644BDE2E8F}.Debug|Mixed Platforms.Build.0 = Debug|Any CPU
		{A0F97636-5B84-427D-B138-8B644BDE2E8F}.Debug|Win32.ActiveCfg = Debug|Any CPU
		{A0F97636-5B84-427D-B138-8B644BDE2E8F}.Debug|x86.ActiveCfg = Debug|Any CPU
		{A0F97636-5B84-427D-B138-8B644BDE2E8F}.Release|Any CPU.ActiveCfg = Release|Any CPU
		{A0F97636-5B84-427D-B138-8B644BDE2E8F}.Release|Any CPU.Build.0 = Release|Any CPU
		{A0F97636-5B84-427D-B138-8B644BDE2E8F}.Release|Mixed Platforms.ActiveCfg = Release|Any CPU
		{A0F97636-5B84-427D-B138-8B644BDE2E8F}.Release|Mixed Platforms.Build.0 = Release|Any CPU
		{A0F97636-5B84-427D-B138-8B644BDE2E8F}.Release|Win32.ActiveCfg = Release|Any CPU
		{A0F97636-5B84-427D-B138-8B644BDE2E8F}.Release|x86.ActiveCfg = Release|Any CPU
		{87D2F38F-D880-45DC-94AF-C8F1F301AD95}.Debug|Any CPU.ActiveCfg = Debug|Any CPU
		{87D2F38F-D880-45DC-94AF-C8F1F301AD95}.Debug|Any CPU.Build.0 = Debug|Any CPU
		{87D2F38F-D880-45DC-94AF-C8F1F301AD95}.Debug|Mixed Platforms.ActiveCfg = Debug|Any CPU
		{87D2F38F-D880-45DC-94AF-C8F1F301AD95}.Debug|Mixed Platforms.Build.0 = Debug|Any CPU
		{87D2F38F-D880-45DC-94AF-C8F1F301AD95}.Debug|Win32.ActiveCfg = Debug|Any CPU
		{87D2F38F-D880-45DC-94AF-C8F1F301AD95}.Debug|x86.ActiveCfg = Debug|Any CPU
		{87D2F38F-D880-45DC-94AF-C8F1F301AD95}.Release|Any CPU.ActiveCfg = Release|Any CPU
		{87D2F38F-D880-45DC-94AF-C8F1F301AD95}.Release|Any CPU.Build.0 = Release|Any CPU
		{87D2F38F-D880-45DC-94AF-C8F1F301AD95}.Release|Mixed Platforms.ActiveCfg = Release|Any CPU
		{87D2F38F-D880-45DC-94AF-C8F1F301AD95}.Release|Mixed Platforms.Build.0 = Release|Any CPU
		{87D2F38F-D880-45DC-94AF-C8F1F301AD95}.Release|Win32.ActiveCfg = Release|Any CPU
		{87D2F38F-D880-45DC-94AF-C8F1F301AD95}.Release|x86.ActiveCfg = Release|Any CPU
		{DF13A43C-8824-45E4-8C03-FE4D6FDB1395}.Debug|Any CPU.ActiveCfg = Debug|Any CPU
		{DF13A43C-8824-45E4-8C03-FE4D6FDB1395}.Debug|Any CPU.Build.0 = Debug|Any CPU
		{DF13A43C-8824-45E4-8C03-FE4D6FDB1395}.Debug|Mixed Platforms.ActiveCfg = Debug|Any CPU
		{DF13A43C-8824-45E4-8C03-FE4D6FDB1395}.Debug|Mixed Platforms.Build.0 = Debug|Any CPU
		{DF13A43C-8824-45E4-8C03-FE4D6FDB1395}.Debug|Win32.ActiveCfg = Debug|Any CPU
		{DF13A43C-8824-45E4-8C03-FE4D6FDB1395}.Debug|x86.ActiveCfg = Debug|Any CPU
		{DF13A43C-8824-45E4-8C03-FE4D6FDB1395}.Release|Any CPU.ActiveCfg = Release|Any CPU
		{DF13A43C-8824-45E4-8C03-FE4D6FDB1395}.Release|Any CPU.Build.0 = Release|Any CPU
		{DF13A43C-8824-45E4-8C03-FE4D6FDB1395}.Release|Mixed Platforms.ActiveCfg = Release|Any CPU
		{DF13A43C-8824-45E4-8C03-FE4D6FDB1395}.Release|Mixed Platforms.Build.0 = Release|Any CPU
		{DF13A43C-8824-45E4-8C03-FE4D6FDB1395}.Release|Win32.ActiveCfg = Release|Any CPU
		{DF13A43C-8824-45E4-8C03-FE4D6FDB1395}.Release|x86.ActiveCfg = Release|Any CPU
		{787E98AE-36F3-460D-AFC3-E9B7BAC1D19C}.Debug|Any CPU.ActiveCfg = Debug|Any CPU
		{787E98AE-36F3-460D-AFC3-E9B7BAC1D19C}.Debug|Any CPU.Build.0 = Debug|Any CPU
		{787E98AE-36F3-460D-AFC3-E9B7BAC1D19C}.Debug|Mixed Platforms.ActiveCfg = Debug|Any CPU
		{787E98AE-36F3-460D-AFC3-E9B7BAC1D19C}.Debug|Mixed Platforms.Build.0 = Debug|Any CPU
		{787E98AE-36F3-460D-AFC3-E9B7BAC1D19C}.Debug|Win32.ActiveCfg = Debug|Any CPU
		{787E98AE-36F3-460D-AFC3-E9B7BAC1D19C}.Debug|x86.ActiveCfg = Debug|Any CPU
		{787E98AE-36F3-460D-AFC3-E9B7BAC1D19C}.Release|Any CPU.ActiveCfg = Release|Any CPU
		{787E98AE-36F3-460D-AFC3-E9B7BAC1D19C}.Release|Any CPU.Build.0 = Release|Any CPU
		{787E98AE-36F3-460D-AFC3-E9B7BAC1D19C}.Release|Mixed Platforms.ActiveCfg = Release|Any CPU
		{787E98AE-36F3-460D-AFC3-E9B7BAC1D19C}.Release|Mixed Platforms.Build.0 = Release|Any CPU
		{787E98AE-36F3-460D-AFC3-E9B7BAC1D19C}.Release|Win32.ActiveCfg = Release|Any CPU
		{787E98AE-36F3-460D-AFC3-E9B7BAC1D19C}.Release|x86.ActiveCfg = Release|Any CPU
		{50E91BB4-8EB6-473B-84B4-CAD5E034484B}.Debug|Any CPU.ActiveCfg = Debug|Any CPU
		{50E91BB4-8EB6-473B-84B4-CAD5E034484B}.Debug|Any CPU.Build.0 = Debug|Any CPU
		{50E91BB4-8EB6-473B-84B4-CAD5E034484B}.Debug|Mixed Platforms.ActiveCfg = Debug|Any CPU
		{50E91BB4-8EB6-473B-84B4-CAD5E034484B}.Debug|Mixed Platforms.Build.0 = Debug|Any CPU
		{50E91BB4-8EB6-473B-84B4-CAD5E034484B}.Debug|Win32.ActiveCfg = Debug|Any CPU
		{50E91BB4-8EB6-473B-84B4-CAD5E034484B}.Debug|x86.ActiveCfg = Debug|Any CPU
		{50E91BB4-8EB6-473B-84B4-CAD5E034484B}.Release|Any CPU.ActiveCfg = Release|Any CPU
		{50E91BB4-8EB6-473B-84B4-CAD5E034484B}.Release|Any CPU.Build.0 = Release|Any CPU
		{50E91BB4-8EB6-473B-84B4-CAD5E034484B}.Release|Mixed Platforms.ActiveCfg = Release|Any CPU
		{50E91BB4-8EB6-473B-84B4-CAD5E034484B}.Release|Mixed Platforms.Build.0 = Release|Any CPU
		{50E91BB4-8EB6-473B-84B4-CAD5E034484B}.Release|Win32.ActiveCfg = Release|Any CPU
		{50E91BB4-8EB6-473B-84B4-CAD5E034484B}.Release|x86.ActiveCfg = Release|Any CPU
		{2FFE9EED-5A17-4EF0-9659-A3846A754502}.Debug|Any CPU.ActiveCfg = Debug|Any CPU
		{2FFE9EED-5A17-4EF0-9659-A3846A754502}.Debug|Any CPU.Build.0 = Debug|Any CPU
		{2FFE9EED-5A17-4EF0-9659-A3846A754502}.Debug|Mixed Platforms.ActiveCfg = Debug|Any CPU
		{2FFE9EED-5A17-4EF0-9659-A3846A754502}.Debug|Mixed Platforms.Build.0 = Debug|Any CPU
		{2FFE9EED-5A17-4EF0-9659-A3846A754502}.Debug|Win32.ActiveCfg = Debug|Any CPU
		{2FFE9EED-5A17-4EF0-9659-A3846A754502}.Debug|x86.ActiveCfg = Debug|Any CPU
		{2FFE9EED-5A17-4EF0-9659-A3846A754502}.Release|Any CPU.ActiveCfg = Release|Any CPU
		{2FFE9EED-5A17-4EF0-9659-A3846A754502}.Release|Any CPU.Build.0 = Release|Any CPU
		{2FFE9EED-5A17-4EF0-9659-A3846A754502}.Release|Mixed Platforms.ActiveCfg = Release|Any CPU
		{2FFE9EED-5A17-4EF0-9659-A3846A754502}.Release|Mixed Platforms.Build.0 = Release|Any CPU
		{2FFE9EED-5A17-4EF0-9659-A3846A754502}.Release|Win32.ActiveCfg = Release|Any CPU
		{2FFE9EED-5A17-4EF0-9659-A3846A754502}.Release|x86.ActiveCfg = Release|Any CPU
		{D44C8C5B-AD76-40B0-9C71-54A7B37A963A}.Debug|Any CPU.ActiveCfg = Debug|Any CPU
		{D44C8C5B-AD76-40B0-9C71-54A7B37A963A}.Debug|Any CPU.Build.0 = Debug|Any CPU
		{D44C8C5B-AD76-40B0-9C71-54A7B37A963A}.Debug|Mixed Platforms.ActiveCfg = Debug|Any CPU
		{D44C8C5B-AD76-40B0-9C71-54A7B37A963A}.Debug|Mixed Platforms.Build.0 = Debug|Any CPU
		{D44C8C5B-AD76-40B0-9C71-54A7B37A963A}.Debug|Win32.ActiveCfg = Debug|Any CPU
		{D44C8C5B-AD76-40B0-9C71-54A7B37A963A}.Debug|x86.ActiveCfg = Debug|Any CPU
		{D44C8C5B-AD76-40B0-9C71-54A7B37A963A}.Release|Any CPU.ActiveCfg = Release|Any CPU
		{D44C8C5B-AD76-40B0-9C71-54A7B37A963A}.Release|Any CPU.Build.0 = Release|Any CPU
		{D44C8C5B-AD76-40B0-9C71-54A7B37A963A}.Release|Mixed Platforms.ActiveCfg = Release|Any CPU
		{D44C8C5B-AD76-40B0-9C71-54A7B37A963A}.Release|Mixed Platforms.Build.0 = Release|Any CPU
		{D44C8C5B-AD76-40B0-9C71-54A7B37A963A}.Release|Win32.ActiveCfg = Release|Any CPU
		{D44C8C5B-AD76-40B0-9C71-54A7B37A963A}.Release|x86.ActiveCfg = Release|Any CPU
		{D9823DF9-9436-4B1A-89D1-8C5174BAC61D}.Debug|Any CPU.ActiveCfg = Debug|Any CPU
		{D9823DF9-9436-4B1A-89D1-8C5174BAC61D}.Debug|Any CPU.Build.0 = Debug|Any CPU
		{D9823DF9-9436-4B1A-89D1-8C5174BAC61D}.Debug|Mixed Platforms.ActiveCfg = Debug|Any CPU
		{D9823DF9-9436-4B1A-89D1-8C5174BAC61D}.Debug|Mixed Platforms.Build.0 = Debug|Any CPU
		{D9823DF9-9436-4B1A-89D1-8C5174BAC61D}.Debug|Win32.ActiveCfg = Debug|Any CPU
		{D9823DF9-9436-4B1A-89D1-8C5174BAC61D}.Debug|x86.ActiveCfg = Debug|Any CPU
		{D9823DF9-9436-4B1A-89D1-8C5174BAC61D}.Release|Any CPU.ActiveCfg = Release|Any CPU
		{D9823DF9-9436-4B1A-89D1-8C5174BAC61D}.Release|Any CPU.Build.0 = Release|Any CPU
		{D9823DF9-9436-4B1A-89D1-8C5174BAC61D}.Release|Mixed Platforms.ActiveCfg = Release|Any CPU
		{D9823DF9-9436-4B1A-89D1-8C5174BAC61D}.Release|Mixed Platforms.Build.0 = Release|Any CPU
		{D9823DF9-9436-4B1A-89D1-8C5174BAC61D}.Release|Win32.ActiveCfg = Release|Any CPU
		{D9823DF9-9436-4B1A-89D1-8C5174BAC61D}.Release|x86.ActiveCfg = Release|Any CPU
		{74FB60BE-AD84-4F39-BBB0-2BF273A29937}.Debug|Any CPU.ActiveCfg = Debug|Any CPU
		{74FB60BE-AD84-4F39-BBB0-2BF273A29937}.Debug|Any CPU.Build.0 = Debug|Any CPU
		{74FB60BE-AD84-4F39-BBB0-2BF273A29937}.Debug|Mixed Platforms.ActiveCfg = Debug|Any CPU
		{74FB60BE-AD84-4F39-BBB0-2BF273A29937}.Debug|Mixed Platforms.Build.0 = Debug|Any CPU
		{74FB60BE-AD84-4F39-BBB0-2BF273A29937}.Debug|Win32.ActiveCfg = Debug|Any CPU
		{74FB60BE-AD84-4F39-BBB0-2BF273A29937}.Debug|x86.ActiveCfg = Debug|Any CPU
		{74FB60BE-AD84-4F39-BBB0-2BF273A29937}.Release|Any CPU.ActiveCfg = Release|Any CPU
		{74FB60BE-AD84-4F39-BBB0-2BF273A29937}.Release|Any CPU.Build.0 = Release|Any CPU
		{74FB60BE-AD84-4F39-BBB0-2BF273A29937}.Release|Mixed Platforms.ActiveCfg = Release|Any CPU
		{74FB60BE-AD84-4F39-BBB0-2BF273A29937}.Release|Mixed Platforms.Build.0 = Release|Any CPU
		{74FB60BE-AD84-4F39-BBB0-2BF273A29937}.Release|Win32.ActiveCfg = Release|Any CPU
		{74FB60BE-AD84-4F39-BBB0-2BF273A29937}.Release|x86.ActiveCfg = Release|Any CPU
		{438F9816-968D-43A6-A41A-C70587A29A0F}.Debug|Any CPU.ActiveCfg = Debug|Any CPU
		{438F9816-968D-43A6-A41A-C70587A29A0F}.Debug|Any CPU.Build.0 = Debug|Any CPU
		{438F9816-968D-43A6-A41A-C70587A29A0F}.Debug|Mixed Platforms.ActiveCfg = Debug|Any CPU
		{438F9816-968D-43A6-A41A-C70587A29A0F}.Debug|Mixed Platforms.Build.0 = Debug|Any CPU
		{438F9816-968D-43A6-A41A-C70587A29A0F}.Debug|Win32.ActiveCfg = Debug|Any CPU
		{438F9816-968D-43A6-A41A-C70587A29A0F}.Debug|x86.ActiveCfg = Debug|Any CPU
		{438F9816-968D-43A6-A41A-C70587A29A0F}.Release|Any CPU.ActiveCfg = Release|Any CPU
		{438F9816-968D-43A6-A41A-C70587A29A0F}.Release|Any CPU.Build.0 = Release|Any CPU
		{438F9816-968D-43A6-A41A-C70587A29A0F}.Release|Mixed Platforms.ActiveCfg = Release|Any CPU
		{438F9816-968D-43A6-A41A-C70587A29A0F}.Release|Mixed Platforms.Build.0 = Release|Any CPU
		{438F9816-968D-43A6-A41A-C70587A29A0F}.Release|Win32.ActiveCfg = Release|Any CPU
		{438F9816-968D-43A6-A41A-C70587A29A0F}.Release|x86.ActiveCfg = Release|Any CPU
		{55B60131-FC97-4E04-8049-2863C1D6F2B2}.Debug|Any CPU.ActiveCfg = Debug|Any CPU
		{55B60131-FC97-4E04-8049-2863C1D6F2B2}.Debug|Any CPU.Build.0 = Debug|Any CPU
		{55B60131-FC97-4E04-8049-2863C1D6F2B2}.Debug|Mixed Platforms.ActiveCfg = Debug|Any CPU
		{55B60131-FC97-4E04-8049-2863C1D6F2B2}.Debug|Mixed Platforms.Build.0 = Debug|Any CPU
		{55B60131-FC97-4E04-8049-2863C1D6F2B2}.Debug|Win32.ActiveCfg = Debug|Any CPU
		{55B60131-FC97-4E04-8049-2863C1D6F2B2}.Debug|x86.ActiveCfg = Debug|Any CPU
		{55B60131-FC97-4E04-8049-2863C1D6F2B2}.Release|Any CPU.ActiveCfg = Release|Any CPU
		{55B60131-FC97-4E04-8049-2863C1D6F2B2}.Release|Any CPU.Build.0 = Release|Any CPU
		{55B60131-FC97-4E04-8049-2863C1D6F2B2}.Release|Mixed Platforms.ActiveCfg = Release|Any CPU
		{55B60131-FC97-4E04-8049-2863C1D6F2B2}.Release|Mixed Platforms.Build.0 = Release|Any CPU
		{55B60131-FC97-4E04-8049-2863C1D6F2B2}.Release|Win32.ActiveCfg = Release|Any CPU
		{55B60131-FC97-4E04-8049-2863C1D6F2B2}.Release|x86.ActiveCfg = Release|Any CPU
		{786E3884-D955-4BE5-8511-2ACC095E24D8}.Debug|Any CPU.ActiveCfg = Debug|Any CPU
		{786E3884-D955-4BE5-8511-2ACC095E24D8}.Debug|Any CPU.Build.0 = Debug|Any CPU
		{786E3884-D955-4BE5-8511-2ACC095E24D8}.Debug|Mixed Platforms.ActiveCfg = Debug|Any CPU
		{786E3884-D955-4BE5-8511-2ACC095E24D8}.Debug|Mixed Platforms.Build.0 = Debug|Any CPU
		{786E3884-D955-4BE5-8511-2ACC095E24D8}.Debug|Win32.ActiveCfg = Debug|Any CPU
		{786E3884-D955-4BE5-8511-2ACC095E24D8}.Debug|x86.ActiveCfg = Debug|Any CPU
		{786E3884-D955-4BE5-8511-2ACC095E24D8}.Release|Any CPU.ActiveCfg = Release|Any CPU
		{786E3884-D955-4BE5-8511-2ACC095E24D8}.Release|Any CPU.Build.0 = Release|Any CPU
		{786E3884-D955-4BE5-8511-2ACC095E24D8}.Release|Mixed Platforms.ActiveCfg = Release|Any CPU
		{786E3884-D955-4BE5-8511-2ACC095E24D8}.Release|Mixed Platforms.Build.0 = Release|Any CPU
		{786E3884-D955-4BE5-8511-2ACC095E24D8}.Release|Win32.ActiveCfg = Release|Any CPU
		{786E3884-D955-4BE5-8511-2ACC095E24D8}.Release|x86.ActiveCfg = Release|Any CPU
		{DBAB3FB0-BCEF-4336-A7FC-150F30E3DABC}.Debug|Any CPU.ActiveCfg = Debug|Any CPU
		{DBAB3FB0-BCEF-4336-A7FC-150F30E3DABC}.Debug|Any CPU.Build.0 = Debug|Any CPU
		{DBAB3FB0-BCEF-4336-A7FC-150F30E3DABC}.Debug|Mixed Platforms.ActiveCfg = Debug|Any CPU
		{DBAB3FB0-BCEF-4336-A7FC-150F30E3DABC}.Debug|Mixed Platforms.Build.0 = Debug|Any CPU
		{DBAB3FB0-BCEF-4336-A7FC-150F30E3DABC}.Debug|Win32.ActiveCfg = Debug|Any CPU
		{DBAB3FB0-BCEF-4336-A7FC-150F30E3DABC}.Debug|x86.ActiveCfg = Debug|Any CPU
		{DBAB3FB0-BCEF-4336-A7FC-150F30E3DABC}.Release|Any CPU.ActiveCfg = Release|Any CPU
		{DBAB3FB0-BCEF-4336-A7FC-150F30E3DABC}.Release|Any CPU.Build.0 = Release|Any CPU
		{DBAB3FB0-BCEF-4336-A7FC-150F30E3DABC}.Release|Mixed Platforms.ActiveCfg = Release|Any CPU
		{DBAB3FB0-BCEF-4336-A7FC-150F30E3DABC}.Release|Mixed Platforms.Build.0 = Release|Any CPU
		{DBAB3FB0-BCEF-4336-A7FC-150F30E3DABC}.Release|Win32.ActiveCfg = Release|Any CPU
		{DBAB3FB0-BCEF-4336-A7FC-150F30E3DABC}.Release|x86.ActiveCfg = Release|Any CPU
		{281743FA-BC94-4389-9F51-745BCE065102}.Debug|Any CPU.ActiveCfg = Debug|Any CPU
		{281743FA-BC94-4389-9F51-745BCE065102}.Debug|Any CPU.Build.0 = Debug|Any CPU
		{281743FA-BC94-4389-9F51-745BCE065102}.Debug|Mixed Platforms.ActiveCfg = Debug|Any CPU
		{281743FA-BC94-4389-9F51-745BCE065102}.Debug|Mixed Platforms.Build.0 = Debug|Any CPU
		{281743FA-BC94-4389-9F51-745BCE065102}.Debug|Win32.ActiveCfg = Debug|Any CPU
		{281743FA-BC94-4389-9F51-745BCE065102}.Debug|x86.ActiveCfg = Debug|Any CPU
		{281743FA-BC94-4389-9F51-745BCE065102}.Release|Any CPU.ActiveCfg = Release|Any CPU
		{281743FA-BC94-4389-9F51-745BCE065102}.Release|Any CPU.Build.0 = Release|Any CPU
		{281743FA-BC94-4389-9F51-745BCE065102}.Release|Mixed Platforms.ActiveCfg = Release|Any CPU
		{281743FA-BC94-4389-9F51-745BCE065102}.Release|Mixed Platforms.Build.0 = Release|Any CPU
		{281743FA-BC94-4389-9F51-745BCE065102}.Release|Win32.ActiveCfg = Release|Any CPU
		{281743FA-BC94-4389-9F51-745BCE065102}.Release|x86.ActiveCfg = Release|Any CPU
		{F7FDE972-6FC2-4982-907D-76A53A62171C}.Debug|Any CPU.ActiveCfg = Debug|Any CPU
		{F7FDE972-6FC2-4982-907D-76A53A62171C}.Debug|Any CPU.Build.0 = Debug|Any CPU
		{F7FDE972-6FC2-4982-907D-76A53A62171C}.Debug|Mixed Platforms.ActiveCfg = Debug|Any CPU
		{F7FDE972-6FC2-4982-907D-76A53A62171C}.Debug|Mixed Platforms.Build.0 = Debug|Any CPU
		{F7FDE972-6FC2-4982-907D-76A53A62171C}.Debug|Win32.ActiveCfg = Debug|Any CPU
		{F7FDE972-6FC2-4982-907D-76A53A62171C}.Debug|x86.ActiveCfg = Debug|Any CPU
		{F7FDE972-6FC2-4982-907D-76A53A62171C}.Release|Any CPU.ActiveCfg = Release|Any CPU
		{F7FDE972-6FC2-4982-907D-76A53A62171C}.Release|Any CPU.Build.0 = Release|Any CPU
		{F7FDE972-6FC2-4982-907D-76A53A62171C}.Release|Mixed Platforms.ActiveCfg = Release|Any CPU
		{F7FDE972-6FC2-4982-907D-76A53A62171C}.Release|Mixed Platforms.Build.0 = Release|Any CPU
		{F7FDE972-6FC2-4982-907D-76A53A62171C}.Release|Win32.ActiveCfg = Release|Any CPU
		{F7FDE972-6FC2-4982-907D-76A53A62171C}.Release|x86.ActiveCfg = Release|Any CPU
		{BCEC6ED7-CE17-4242-82E1-6145CC28B1F5}.Debug|Any CPU.ActiveCfg = Debug|Any CPU
		{BCEC6ED7-CE17-4242-82E1-6145CC28B1F5}.Debug|Any CPU.Build.0 = Debug|Any CPU
		{BCEC6ED7-CE17-4242-82E1-6145CC28B1F5}.Debug|Mixed Platforms.ActiveCfg = Debug|Any CPU
		{BCEC6ED7-CE17-4242-82E1-6145CC28B1F5}.Debug|Mixed Platforms.Build.0 = Debug|Any CPU
		{BCEC6ED7-CE17-4242-82E1-6145CC28B1F5}.Debug|Win32.ActiveCfg = Debug|Any CPU
		{BCEC6ED7-CE17-4242-82E1-6145CC28B1F5}.Debug|x86.ActiveCfg = Debug|Any CPU
		{BCEC6ED7-CE17-4242-82E1-6145CC28B1F5}.Release|Any CPU.ActiveCfg = Release|Any CPU
		{BCEC6ED7-CE17-4242-82E1-6145CC28B1F5}.Release|Any CPU.Build.0 = Release|Any CPU
		{BCEC6ED7-CE17-4242-82E1-6145CC28B1F5}.Release|Mixed Platforms.ActiveCfg = Release|Any CPU
		{BCEC6ED7-CE17-4242-82E1-6145CC28B1F5}.Release|Mixed Platforms.Build.0 = Release|Any CPU
		{BCEC6ED7-CE17-4242-82E1-6145CC28B1F5}.Release|Win32.ActiveCfg = Release|Any CPU
		{BCEC6ED7-CE17-4242-82E1-6145CC28B1F5}.Release|x86.ActiveCfg = Release|Any CPU
		{323D2F30-6DCB-4C07-A576-8069EE2FD009}.Debug|Any CPU.ActiveCfg = Debug|Any CPU
		{323D2F30-6DCB-4C07-A576-8069EE2FD009}.Debug|Any CPU.Build.0 = Debug|Any CPU
		{323D2F30-6DCB-4C07-A576-8069EE2FD009}.Debug|Mixed Platforms.ActiveCfg = Debug|Any CPU
		{323D2F30-6DCB-4C07-A576-8069EE2FD009}.Debug|Mixed Platforms.Build.0 = Debug|Any CPU
		{323D2F30-6DCB-4C07-A576-8069EE2FD009}.Debug|Win32.ActiveCfg = Debug|Any CPU
		{323D2F30-6DCB-4C07-A576-8069EE2FD009}.Debug|x86.ActiveCfg = Debug|Any CPU
		{323D2F30-6DCB-4C07-A576-8069EE2FD009}.Release|Any CPU.ActiveCfg = Release|Any CPU
		{323D2F30-6DCB-4C07-A576-8069EE2FD009}.Release|Any CPU.Build.0 = Release|Any CPU
		{323D2F30-6DCB-4C07-A576-8069EE2FD009}.Release|Mixed Platforms.ActiveCfg = Release|Any CPU
		{323D2F30-6DCB-4C07-A576-8069EE2FD009}.Release|Mixed Platforms.Build.0 = Release|Any CPU
		{323D2F30-6DCB-4C07-A576-8069EE2FD009}.Release|Win32.ActiveCfg = Release|Any CPU
		{323D2F30-6DCB-4C07-A576-8069EE2FD009}.Release|x86.ActiveCfg = Release|Any CPU
		{20B7087E-EDEE-45E9-A9E7-496EF6732F29}.Debug|Any CPU.ActiveCfg = Debug|Any CPU
		{20B7087E-EDEE-45E9-A9E7-496EF6732F29}.Debug|Any CPU.Build.0 = Debug|Any CPU
		{20B7087E-EDEE-45E9-A9E7-496EF6732F29}.Debug|Mixed Platforms.ActiveCfg = Debug|Any CPU
		{20B7087E-EDEE-45E9-A9E7-496EF6732F29}.Debug|Mixed Platforms.Build.0 = Debug|Any CPU
		{20B7087E-EDEE-45E9-A9E7-496EF6732F29}.Debug|Win32.ActiveCfg = Debug|Any CPU
		{20B7087E-EDEE-45E9-A9E7-496EF6732F29}.Debug|x86.ActiveCfg = Debug|Any CPU
		{20B7087E-EDEE-45E9-A9E7-496EF6732F29}.Release|Any CPU.ActiveCfg = Release|Any CPU
		{20B7087E-EDEE-45E9-A9E7-496EF6732F29}.Release|Any CPU.Build.0 = Release|Any CPU
		{20B7087E-EDEE-45E9-A9E7-496EF6732F29}.Release|Mixed Platforms.ActiveCfg = Release|Any CPU
		{20B7087E-EDEE-45E9-A9E7-496EF6732F29}.Release|Mixed Platforms.Build.0 = Release|Any CPU
		{20B7087E-EDEE-45E9-A9E7-496EF6732F29}.Release|Win32.ActiveCfg = Release|Any CPU
		{20B7087E-EDEE-45E9-A9E7-496EF6732F29}.Release|x86.ActiveCfg = Release|Any CPU
		{8E72E953-29FF-419C-968C-F39B583B103E}.Debug|Any CPU.ActiveCfg = Debug|Any CPU
		{8E72E953-29FF-419C-968C-F39B583B103E}.Debug|Any CPU.Build.0 = Debug|Any CPU
		{8E72E953-29FF-419C-968C-F39B583B103E}.Debug|Mixed Platforms.ActiveCfg = Debug|Any CPU
		{8E72E953-29FF-419C-968C-F39B583B103E}.Debug|Mixed Platforms.Build.0 = Debug|Any CPU
		{8E72E953-29FF-419C-968C-F39B583B103E}.Debug|Win32.ActiveCfg = Debug|Any CPU
		{8E72E953-29FF-419C-968C-F39B583B103E}.Debug|x86.ActiveCfg = Debug|Any CPU
		{8E72E953-29FF-419C-968C-F39B583B103E}.Release|Any CPU.ActiveCfg = Release|Any CPU
		{8E72E953-29FF-419C-968C-F39B583B103E}.Release|Any CPU.Build.0 = Release|Any CPU
		{8E72E953-29FF-419C-968C-F39B583B103E}.Release|Mixed Platforms.ActiveCfg = Release|Any CPU
		{8E72E953-29FF-419C-968C-F39B583B103E}.Release|Mixed Platforms.Build.0 = Release|Any CPU
		{8E72E953-29FF-419C-968C-F39B583B103E}.Release|Win32.ActiveCfg = Release|Any CPU
		{8E72E953-29FF-419C-968C-F39B583B103E}.Release|x86.ActiveCfg = Release|Any CPU
		{C7774AAB-1882-43EC-9D9E-5B90DDB9747A}.Debug|Any CPU.ActiveCfg = Debug|Any CPU
		{C7774AAB-1882-43EC-9D9E-5B90DDB9747A}.Debug|Any CPU.Build.0 = Debug|Any CPU
		{C7774AAB-1882-43EC-9D9E-5B90DDB9747A}.Debug|Mixed Platforms.ActiveCfg = Debug|Any CPU
		{C7774AAB-1882-43EC-9D9E-5B90DDB9747A}.Debug|Mixed Platforms.Build.0 = Debug|Any CPU
		{C7774AAB-1882-43EC-9D9E-5B90DDB9747A}.Debug|Win32.ActiveCfg = Debug|Any CPU
		{C7774AAB-1882-43EC-9D9E-5B90DDB9747A}.Debug|x86.ActiveCfg = Debug|Any CPU
		{C7774AAB-1882-43EC-9D9E-5B90DDB9747A}.Release|Any CPU.ActiveCfg = Release|Any CPU
		{C7774AAB-1882-43EC-9D9E-5B90DDB9747A}.Release|Any CPU.Build.0 = Release|Any CPU
		{C7774AAB-1882-43EC-9D9E-5B90DDB9747A}.Release|Mixed Platforms.ActiveCfg = Release|Any CPU
		{C7774AAB-1882-43EC-9D9E-5B90DDB9747A}.Release|Mixed Platforms.Build.0 = Release|Any CPU
		{C7774AAB-1882-43EC-9D9E-5B90DDB9747A}.Release|Win32.ActiveCfg = Release|Any CPU
		{C7774AAB-1882-43EC-9D9E-5B90DDB9747A}.Release|x86.ActiveCfg = Release|Any CPU
		{7AB718F4-EEBC-4091-97F8-28D861582D2B}.Debug|Any CPU.ActiveCfg = Debug|x86
		{7AB718F4-EEBC-4091-97F8-28D861582D2B}.Debug|Mixed Platforms.ActiveCfg = Debug|x86
		{7AB718F4-EEBC-4091-97F8-28D861582D2B}.Debug|Mixed Platforms.Build.0 = Debug|x86
		{7AB718F4-EEBC-4091-97F8-28D861582D2B}.Debug|Win32.ActiveCfg = Debug|x86
		{7AB718F4-EEBC-4091-97F8-28D861582D2B}.Debug|x86.ActiveCfg = Debug|x86
		{7AB718F4-EEBC-4091-97F8-28D861582D2B}.Debug|x86.Build.0 = Debug|x86
		{7AB718F4-EEBC-4091-97F8-28D861582D2B}.Release|Any CPU.ActiveCfg = Release|x86
		{7AB718F4-EEBC-4091-97F8-28D861582D2B}.Release|Mixed Platforms.ActiveCfg = Release|x86
		{7AB718F4-EEBC-4091-97F8-28D861582D2B}.Release|Mixed Platforms.Build.0 = Release|x86
		{7AB718F4-EEBC-4091-97F8-28D861582D2B}.Release|Win32.ActiveCfg = Release|x86
		{7AB718F4-EEBC-4091-97F8-28D861582D2B}.Release|x86.ActiveCfg = Release|x86
		{7AB718F4-EEBC-4091-97F8-28D861582D2B}.Release|x86.Build.0 = Release|x86
		{DD8C7021-40AC-461E-A4D5-6862E45BEF58}.Debug|Any CPU.ActiveCfg = Debug|x86
		{DD8C7021-40AC-461E-A4D5-6862E45BEF58}.Debug|Mixed Platforms.ActiveCfg = Debug|x86
		{DD8C7021-40AC-461E-A4D5-6862E45BEF58}.Debug|Mixed Platforms.Build.0 = Debug|x86
		{DD8C7021-40AC-461E-A4D5-6862E45BEF58}.Debug|Win32.ActiveCfg = Debug|x86
		{DD8C7021-40AC-461E-A4D5-6862E45BEF58}.Debug|x86.ActiveCfg = Debug|x86
		{DD8C7021-40AC-461E-A4D5-6862E45BEF58}.Debug|x86.Build.0 = Debug|x86
		{DD8C7021-40AC-461E-A4D5-6862E45BEF58}.Release|Any CPU.ActiveCfg = Release|x86
		{DD8C7021-40AC-461E-A4D5-6862E45BEF58}.Release|Mixed Platforms.ActiveCfg = Release|x86
		{DD8C7021-40AC-461E-A4D5-6862E45BEF58}.Release|Mixed Platforms.Build.0 = Release|x86
		{DD8C7021-40AC-461E-A4D5-6862E45BEF58}.Release|Win32.ActiveCfg = Release|x86
		{DD8C7021-40AC-461E-A4D5-6862E45BEF58}.Release|x86.ActiveCfg = Release|x86
		{DD8C7021-40AC-461E-A4D5-6862E45BEF58}.Release|x86.Build.0 = Release|x86
		{6FBBA90E-4C6D-4EE1-AF18-878EAE100BE7}.Debug|Any CPU.ActiveCfg = Debug|Any CPU
		{6FBBA90E-4C6D-4EE1-AF18-878EAE100BE7}.Debug|Any CPU.Build.0 = Debug|Any CPU
		{6FBBA90E-4C6D-4EE1-AF18-878EAE100BE7}.Debug|Mixed Platforms.ActiveCfg = Debug|Any CPU
		{6FBBA90E-4C6D-4EE1-AF18-878EAE100BE7}.Debug|Mixed Platforms.Build.0 = Debug|Any CPU
		{6FBBA90E-4C6D-4EE1-AF18-878EAE100BE7}.Debug|Win32.ActiveCfg = Debug|Any CPU
		{6FBBA90E-4C6D-4EE1-AF18-878EAE100BE7}.Debug|x86.ActiveCfg = Debug|Any CPU
		{6FBBA90E-4C6D-4EE1-AF18-878EAE100BE7}.Release|Any CPU.ActiveCfg = Release|Any CPU
		{6FBBA90E-4C6D-4EE1-AF18-878EAE100BE7}.Release|Any CPU.Build.0 = Release|Any CPU
		{6FBBA90E-4C6D-4EE1-AF18-878EAE100BE7}.Release|Mixed Platforms.ActiveCfg = Release|Any CPU
		{6FBBA90E-4C6D-4EE1-AF18-878EAE100BE7}.Release|Mixed Platforms.Build.0 = Release|Any CPU
		{6FBBA90E-4C6D-4EE1-AF18-878EAE100BE7}.Release|Win32.ActiveCfg = Release|Any CPU
		{6FBBA90E-4C6D-4EE1-AF18-878EAE100BE7}.Release|x86.ActiveCfg = Release|Any CPU
		{9A3624DF-EEC6-4453-8F1E-F340D5440ACB}.Debug|Any CPU.ActiveCfg = Debug|x86
		{9A3624DF-EEC6-4453-8F1E-F340D5440ACB}.Debug|Mixed Platforms.ActiveCfg = Debug|x86
		{9A3624DF-EEC6-4453-8F1E-F340D5440ACB}.Debug|Mixed Platforms.Build.0 = Debug|x86
		{9A3624DF-EEC6-4453-8F1E-F340D5440ACB}.Debug|Win32.ActiveCfg = Debug|x86
		{9A3624DF-EEC6-4453-8F1E-F340D5440ACB}.Debug|x86.ActiveCfg = Debug|x86
		{9A3624DF-EEC6-4453-8F1E-F340D5440ACB}.Debug|x86.Build.0 = Debug|x86
		{9A3624DF-EEC6-4453-8F1E-F340D5440ACB}.Release|Any CPU.ActiveCfg = Release|x86
		{9A3624DF-EEC6-4453-8F1E-F340D5440ACB}.Release|Mixed Platforms.ActiveCfg = Release|x86
		{9A3624DF-EEC6-4453-8F1E-F340D5440ACB}.Release|Mixed Platforms.Build.0 = Release|x86
		{9A3624DF-EEC6-4453-8F1E-F340D5440ACB}.Release|Win32.ActiveCfg = Release|x86
		{9A3624DF-EEC6-4453-8F1E-F340D5440ACB}.Release|x86.ActiveCfg = Release|x86
		{9A3624DF-EEC6-4453-8F1E-F340D5440ACB}.Release|x86.Build.0 = Release|x86
		{AE99CBF2-FB6E-40D0-8AE7-F1E94F229D56}.Debug|Any CPU.ActiveCfg = Debug|x86
		{AE99CBF2-FB6E-40D0-8AE7-F1E94F229D56}.Debug|Mixed Platforms.ActiveCfg = Debug|x86
		{AE99CBF2-FB6E-40D0-8AE7-F1E94F229D56}.Debug|Mixed Platforms.Build.0 = Debug|x86
		{AE99CBF2-FB6E-40D0-8AE7-F1E94F229D56}.Debug|Win32.ActiveCfg = Debug|x86
		{AE99CBF2-FB6E-40D0-8AE7-F1E94F229D56}.Debug|x86.ActiveCfg = Debug|x86
		{AE99CBF2-FB6E-40D0-8AE7-F1E94F229D56}.Debug|x86.Build.0 = Debug|x86
		{AE99CBF2-FB6E-40D0-8AE7-F1E94F229D56}.Release|Any CPU.ActiveCfg = Release|x86
		{AE99CBF2-FB6E-40D0-8AE7-F1E94F229D56}.Release|Mixed Platforms.ActiveCfg = Release|x86
		{AE99CBF2-FB6E-40D0-8AE7-F1E94F229D56}.Release|Mixed Platforms.Build.0 = Release|x86
		{AE99CBF2-FB6E-40D0-8AE7-F1E94F229D56}.Release|Win32.ActiveCfg = Release|x86
		{AE99CBF2-FB6E-40D0-8AE7-F1E94F229D56}.Release|x86.ActiveCfg = Release|x86
		{AE99CBF2-FB6E-40D0-8AE7-F1E94F229D56}.Release|x86.Build.0 = Release|x86
		{7989670E-D476-4B6E-B5C4-2DF92187DC2C}.Debug|Any CPU.ActiveCfg = Debug|x86
		{7989670E-D476-4B6E-B5C4-2DF92187DC2C}.Debug|Mixed Platforms.ActiveCfg = Debug|x86
		{7989670E-D476-4B6E-B5C4-2DF92187DC2C}.Debug|Mixed Platforms.Build.0 = Debug|x86
		{7989670E-D476-4B6E-B5C4-2DF92187DC2C}.Debug|Win32.ActiveCfg = Debug|x86
		{7989670E-D476-4B6E-B5C4-2DF92187DC2C}.Debug|x86.ActiveCfg = Debug|x86
		{7989670E-D476-4B6E-B5C4-2DF92187DC2C}.Debug|x86.Build.0 = Debug|x86
		{7989670E-D476-4B6E-B5C4-2DF92187DC2C}.Release|Any CPU.ActiveCfg = Release|x86
		{7989670E-D476-4B6E-B5C4-2DF92187DC2C}.Release|Mixed Platforms.ActiveCfg = Release|x86
		{7989670E-D476-4B6E-B5C4-2DF92187DC2C}.Release|Mixed Platforms.Build.0 = Release|x86
		{7989670E-D476-4B6E-B5C4-2DF92187DC2C}.Release|Win32.ActiveCfg = Release|x86
		{7989670E-D476-4B6E-B5C4-2DF92187DC2C}.Release|x86.ActiveCfg = Release|x86
		{7989670E-D476-4B6E-B5C4-2DF92187DC2C}.Release|x86.Build.0 = Release|x86
		{6ED0665C-EE0C-4FCA-9AED-17C5DCDC7DC0}.Debug|Any CPU.ActiveCfg = Debug|x86
		{6ED0665C-EE0C-4FCA-9AED-17C5DCDC7DC0}.Debug|Mixed Platforms.ActiveCfg = Debug|x86
		{6ED0665C-EE0C-4FCA-9AED-17C5DCDC7DC0}.Debug|Mixed Platforms.Build.0 = Debug|x86
		{6ED0665C-EE0C-4FCA-9AED-17C5DCDC7DC0}.Debug|Win32.ActiveCfg = Debug|x86
		{6ED0665C-EE0C-4FCA-9AED-17C5DCDC7DC0}.Debug|x86.ActiveCfg = Debug|x86
		{6ED0665C-EE0C-4FCA-9AED-17C5DCDC7DC0}.Debug|x86.Build.0 = Debug|x86
		{6ED0665C-EE0C-4FCA-9AED-17C5DCDC7DC0}.Release|Any CPU.ActiveCfg = Release|x86
		{6ED0665C-EE0C-4FCA-9AED-17C5DCDC7DC0}.Release|Mixed Platforms.ActiveCfg = Release|x86
		{6ED0665C-EE0C-4FCA-9AED-17C5DCDC7DC0}.Release|Mixed Platforms.Build.0 = Release|x86
		{6ED0665C-EE0C-4FCA-9AED-17C5DCDC7DC0}.Release|Win32.ActiveCfg = Release|x86
		{6ED0665C-EE0C-4FCA-9AED-17C5DCDC7DC0}.Release|x86.ActiveCfg = Release|x86
		{6ED0665C-EE0C-4FCA-9AED-17C5DCDC7DC0}.Release|x86.Build.0 = Release|x86
		{65B28BBE-094B-4419-A312-85CF73FE67BD}.Debug|Any CPU.ActiveCfg = Debug|x86
		{65B28BBE-094B-4419-A312-85CF73FE67BD}.Debug|Mixed Platforms.ActiveCfg = Debug|x86
		{65B28BBE-094B-4419-A312-85CF73FE67BD}.Debug|Mixed Platforms.Build.0 = Debug|x86
		{65B28BBE-094B-4419-A312-85CF73FE67BD}.Debug|Win32.ActiveCfg = Debug|x86
		{65B28BBE-094B-4419-A312-85CF73FE67BD}.Debug|x86.ActiveCfg = Debug|x86
		{65B28BBE-094B-4419-A312-85CF73FE67BD}.Debug|x86.Build.0 = Debug|x86
		{65B28BBE-094B-4419-A312-85CF73FE67BD}.Release|Any CPU.ActiveCfg = Release|x86
		{65B28BBE-094B-4419-A312-85CF73FE67BD}.Release|Mixed Platforms.ActiveCfg = Release|x86
		{65B28BBE-094B-4419-A312-85CF73FE67BD}.Release|Mixed Platforms.Build.0 = Release|x86
		{65B28BBE-094B-4419-A312-85CF73FE67BD}.Release|Win32.ActiveCfg = Release|x86
		{65B28BBE-094B-4419-A312-85CF73FE67BD}.Release|x86.ActiveCfg = Release|x86
		{65B28BBE-094B-4419-A312-85CF73FE67BD}.Release|x86.Build.0 = Release|x86
		{A4D95997-F464-434C-A335-5C7F6C099B5E}.Debug|Any CPU.ActiveCfg = Debug|x86
		{A4D95997-F464-434C-A335-5C7F6C099B5E}.Debug|Mixed Platforms.ActiveCfg = Debug|x86
		{A4D95997-F464-434C-A335-5C7F6C099B5E}.Debug|Mixed Platforms.Build.0 = Debug|x86
		{A4D95997-F464-434C-A335-5C7F6C099B5E}.Debug|Win32.ActiveCfg = Debug|x86
		{A4D95997-F464-434C-A335-5C7F6C099B5E}.Debug|x86.ActiveCfg = Debug|x86
		{A4D95997-F464-434C-A335-5C7F6C099B5E}.Debug|x86.Build.0 = Debug|x86
		{A4D95997-F464-434C-A335-5C7F6C099B5E}.Release|Any CPU.ActiveCfg = Release|x86
		{A4D95997-F464-434C-A335-5C7F6C099B5E}.Release|Mixed Platforms.ActiveCfg = Release|x86
		{A4D95997-F464-434C-A335-5C7F6C099B5E}.Release|Mixed Platforms.Build.0 = Release|x86
		{A4D95997-F464-434C-A335-5C7F6C099B5E}.Release|Win32.ActiveCfg = Release|x86
		{A4D95997-F464-434C-A335-5C7F6C099B5E}.Release|x86.ActiveCfg = Release|x86
		{A4D95997-F464-434C-A335-5C7F6C099B5E}.Release|x86.Build.0 = Release|x86
		{F1B597DD-4753-4A82-BD64-24844C60A5C5}.Debug|Any CPU.ActiveCfg = Debug|x86
		{F1B597DD-4753-4A82-BD64-24844C60A5C5}.Debug|Mixed Platforms.ActiveCfg = Debug|x86
		{F1B597DD-4753-4A82-BD64-24844C60A5C5}.Debug|Mixed Platforms.Build.0 = Debug|x86
		{F1B597DD-4753-4A82-BD64-24844C60A5C5}.Debug|Win32.ActiveCfg = Debug|x86
		{F1B597DD-4753-4A82-BD64-24844C60A5C5}.Debug|x86.ActiveCfg = Debug|x86
		{F1B597DD-4753-4A82-BD64-24844C60A5C5}.Debug|x86.Build.0 = Debug|x86
		{F1B597DD-4753-4A82-BD64-24844C60A5C5}.Release|Any CPU.ActiveCfg = Release|x86
		{F1B597DD-4753-4A82-BD64-24844C60A5C5}.Release|Mixed Platforms.ActiveCfg = Release|x86
		{F1B597DD-4753-4A82-BD64-24844C60A5C5}.Release|Mixed Platforms.Build.0 = Release|x86
		{F1B597DD-4753-4A82-BD64-24844C60A5C5}.Release|Win32.ActiveCfg = Release|x86
		{F1B597DD-4753-4A82-BD64-24844C60A5C5}.Release|x86.ActiveCfg = Release|x86
		{F1B597DD-4753-4A82-BD64-24844C60A5C5}.Release|x86.Build.0 = Release|x86
		{509AFFBC-54F2-4CB5-819A-47FDF5895A92}.Debug|Any CPU.ActiveCfg = Debug|x86
		{509AFFBC-54F2-4CB5-819A-47FDF5895A92}.Debug|Mixed Platforms.ActiveCfg = Debug|x86
		{509AFFBC-54F2-4CB5-819A-47FDF5895A92}.Debug|Mixed Platforms.Build.0 = Debug|x86
		{509AFFBC-54F2-4CB5-819A-47FDF5895A92}.Debug|Win32.ActiveCfg = Debug|x86
		{509AFFBC-54F2-4CB5-819A-47FDF5895A92}.Debug|x86.ActiveCfg = Debug|x86
		{509AFFBC-54F2-4CB5-819A-47FDF5895A92}.Debug|x86.Build.0 = Debug|x86
		{509AFFBC-54F2-4CB5-819A-47FDF5895A92}.Release|Any CPU.ActiveCfg = Release|x86
		{509AFFBC-54F2-4CB5-819A-47FDF5895A92}.Release|Mixed Platforms.ActiveCfg = Release|x86
		{509AFFBC-54F2-4CB5-819A-47FDF5895A92}.Release|Mixed Platforms.Build.0 = Release|x86
		{509AFFBC-54F2-4CB5-819A-47FDF5895A92}.Release|Win32.ActiveCfg = Release|x86
		{509AFFBC-54F2-4CB5-819A-47FDF5895A92}.Release|x86.ActiveCfg = Release|x86
		{509AFFBC-54F2-4CB5-819A-47FDF5895A92}.Release|x86.Build.0 = Release|x86
		{1CBFA1F6-8C54-465E-B08F-3A1989E0C300}.Debug|Any CPU.ActiveCfg = Debug|x86
		{1CBFA1F6-8C54-465E-B08F-3A1989E0C300}.Debug|Mixed Platforms.ActiveCfg = Debug|x86
		{1CBFA1F6-8C54-465E-B08F-3A1989E0C300}.Debug|Mixed Platforms.Build.0 = Debug|x86
		{1CBFA1F6-8C54-465E-B08F-3A1989E0C300}.Debug|Win32.ActiveCfg = Debug|x86
		{1CBFA1F6-8C54-465E-B08F-3A1989E0C300}.Debug|x86.ActiveCfg = Debug|x86
		{1CBFA1F6-8C54-465E-B08F-3A1989E0C300}.Debug|x86.Build.0 = Debug|x86
		{1CBFA1F6-8C54-465E-B08F-3A1989E0C300}.Release|Any CPU.ActiveCfg = Release|x86
		{1CBFA1F6-8C54-465E-B08F-3A1989E0C300}.Release|Mixed Platforms.ActiveCfg = Release|x86
		{1CBFA1F6-8C54-465E-B08F-3A1989E0C300}.Release|Mixed Platforms.Build.0 = Release|x86
		{1CBFA1F6-8C54-465E-B08F-3A1989E0C300}.Release|Win32.ActiveCfg = Release|x86
		{1CBFA1F6-8C54-465E-B08F-3A1989E0C300}.Release|x86.ActiveCfg = Release|x86
		{1CBFA1F6-8C54-465E-B08F-3A1989E0C300}.Release|x86.Build.0 = Release|x86
		{19CAC7F8-178F-48D0-A66D-F90B5C5016CE}.Debug|Any CPU.ActiveCfg = Debug|x86
		{19CAC7F8-178F-48D0-A66D-F90B5C5016CE}.Debug|Any CPU.Build.0 = Debug|x86
		{19CAC7F8-178F-48D0-A66D-F90B5C5016CE}.Debug|Mixed Platforms.ActiveCfg = Debug|x86
		{19CAC7F8-178F-48D0-A66D-F90B5C5016CE}.Debug|Mixed Platforms.Build.0 = Debug|x86
		{19CAC7F8-178F-48D0-A66D-F90B5C5016CE}.Debug|Win32.ActiveCfg = Debug|x86
		{19CAC7F8-178F-48D0-A66D-F90B5C5016CE}.Debug|Win32.Build.0 = Debug|x86
		{19CAC7F8-178F-48D0-A66D-F90B5C5016CE}.Debug|x86.ActiveCfg = Debug|x86
		{19CAC7F8-178F-48D0-A66D-F90B5C5016CE}.Debug|x86.Build.0 = Debug|x86
		{19CAC7F8-178F-48D0-A66D-F90B5C5016CE}.Release|Any CPU.ActiveCfg = Release|x86
		{19CAC7F8-178F-48D0-A66D-F90B5C5016CE}.Release|Any CPU.Build.0 = Release|x86
		{19CAC7F8-178F-48D0-A66D-F90B5C5016CE}.Release|Mixed Platforms.ActiveCfg = Release|x86
		{19CAC7F8-178F-48D0-A66D-F90B5C5016CE}.Release|Mixed Platforms.Build.0 = Release|x86
		{19CAC7F8-178F-48D0-A66D-F90B5C5016CE}.Release|Win32.ActiveCfg = Release|x86
		{19CAC7F8-178F-48D0-A66D-F90B5C5016CE}.Release|Win32.Build.0 = Release|x86
		{19CAC7F8-178F-48D0-A66D-F90B5C5016CE}.Release|x86.ActiveCfg = Release|x86
		{19CAC7F8-178F-48D0-A66D-F90B5C5016CE}.Release|x86.Build.0 = Release|x86
		{CD521AF9-BA52-4B4D-AD6C-187E47DFA323}.Debug|Any CPU.ActiveCfg = Debug|x86
		{CD521AF9-BA52-4B4D-AD6C-187E47DFA323}.Debug|Any CPU.Build.0 = Debug|x86
		{CD521AF9-BA52-4B4D-AD6C-187E47DFA323}.Debug|Mixed Platforms.ActiveCfg = Debug|x86
		{CD521AF9-BA52-4B4D-AD6C-187E47DFA323}.Debug|Mixed Platforms.Build.0 = Debug|x86
		{CD521AF9-BA52-4B4D-AD6C-187E47DFA323}.Debug|Win32.ActiveCfg = Debug|x86
		{CD521AF9-BA52-4B4D-AD6C-187E47DFA323}.Debug|Win32.Build.0 = Debug|x86
		{CD521AF9-BA52-4B4D-AD6C-187E47DFA323}.Debug|x86.ActiveCfg = Debug|x86
		{CD521AF9-BA52-4B4D-AD6C-187E47DFA323}.Debug|x86.Build.0 = Debug|x86
		{CD521AF9-BA52-4B4D-AD6C-187E47DFA323}.Release|Any CPU.ActiveCfg = Release|x86
		{CD521AF9-BA52-4B4D-AD6C-187E47DFA323}.Release|Any CPU.Build.0 = Release|x86
		{CD521AF9-BA52-4B4D-AD6C-187E47DFA323}.Release|Mixed Platforms.ActiveCfg = Release|x86
		{CD521AF9-BA52-4B4D-AD6C-187E47DFA323}.Release|Mixed Platforms.Build.0 = Release|x86
		{CD521AF9-BA52-4B4D-AD6C-187E47DFA323}.Release|Win32.ActiveCfg = Release|x86
		{CD521AF9-BA52-4B4D-AD6C-187E47DFA323}.Release|Win32.Build.0 = Release|x86
		{CD521AF9-BA52-4B4D-AD6C-187E47DFA323}.Release|x86.ActiveCfg = Release|x86
		{CD521AF9-BA52-4B4D-AD6C-187E47DFA323}.Release|x86.Build.0 = Release|x86
	EndGlobalSection
	GlobalSection(SolutionProperties) = preSolution
		HideSolutionNode = FALSE
	EndGlobalSection
	GlobalSection(NestedProjects) = preSolution
		{19CAC7F8-178F-48D0-A66D-F90B5C5016CE} = {9B55DD2D-EE1A-420C-A441-2500D7466F2E}
	EndGlobalSection
	GlobalSection(ExtensibilityGlobals) = postSolution
		SolutionGuid = {3C2F23E1-9402-4488-8AE1-0560EE0BEF19}
	EndGlobalSection
EndGlobal
